
Microsoft Visual Studio Solution File, Format Version 12.00
# Visual Studio Version 17
VisualStudioVersion = 17.6.33815.320
MinimumVisualStudioVersion = 10.0.40219.1
Project("{FAE04EC0-301F-11D3-BF4B-00C04F79EFBC}") = "MakeupStudioProject1", "MakeupStudioProject1\MakeupStudioProject1.csproj", "{63A5B6CD-8C75-4929-885E-8A438AC57C83}"
EndProject
Global
	GlobalSection(SolutionConfigurationPlatforms) = preSolution
		Debug|Any CPU = Debug|Any CPU
		Release|Any CPU = Release|Any CPU
	EndGlobalSection
	GlobalSection(ProjectConfigurationPlatforms) = postSolution
		{63A5B6CD-8C75-4929-885E-8A438AC57C83}.Debug|Any CPU.ActiveCfg = Debug|Any CPU
		{63A5B6CD-8C75-4929-885E-8A438AC57C83}.Debug|Any CPU.Build.0 = Debug|Any CPU
		{63A5B6CD-8C75-4929-885E-8A438AC57C83}.Release|Any CPU.ActiveCfg = Release|Any CPU
		{63A5B6CD-8C75-4929-885E-8A438AC57C83}.Release|Any CPU.Build.0 = Release|Any CPU
	EndGlobalSection
	GlobalSection(SolutionProperties) = preSolution
		HideSolutionNode = FALSE
	EndGlobalSection
	GlobalSection(ExtensibilityGlobals) = postSolution
		SolutionGuid = {8DC817B0-E5AB-4D03-9612-44DE971AF9E1}
	EndGlobalSection
EndGlobal
